// !$*UTF8*$!
{
	archiveVersion = 1;
	classes = {
	};
	objectVersion = 46;
	objects = {

/* Begin PBXBuildFile section */
		D5068B33196D41EB00BC083A /* Simulation.swift in Sources */ = {isa = PBXBuildFile; fileRef = D5068B32196D41EB00BC083A /* Simulation.swift */; };
		D597FC6B196D327F00E8A587 /* main.swift in Sources */ = {isa = PBXBuildFile; fileRef = D597FC6A196D327F00E8A587 /* main.swift */; };
		D597FC72196D32D500E8A587 /* constants.swift in Sources */ = {isa = PBXBuildFile; fileRef = D597FC71196D32D500E8A587 /* constants.swift */; };
		D597FC74196D336F00E8A587 /* Producer.swift in Sources */ = {isa = PBXBuildFile; fileRef = D597FC73196D336F00E8A587 /* Producer.swift */; };
		D597FC76196D340200E8A587 /* Market.swift in Sources */ = {isa = PBXBuildFile; fileRef = D597FC75196D340200E8A587 /* Market.swift */; };
		D597FC78196D341E00E8A587 /* Consumer.swift in Sources */ = {isa = PBXBuildFile; fileRef = D597FC77196D341E00E8A587 /* Consumer.swift */; };
/* End PBXBuildFile section */

/* Begin PBXCopyFilesBuildPhase section */
		D597FC65196D327F00E8A587 /* CopyFiles */ = {
			isa = PBXCopyFilesBuildPhase;
			buildActionMask = 2147483647;
			dstPath = /usr/share/man/man1/;
			dstSubfolderSpec = 0;
			files = (
			);
			runOnlyForDeploymentPostprocessing = 1;
		};
/* End PBXCopyFilesBuildPhase section */

/* Begin PBXFileReference section */
		D5068B32196D41EB00BC083A /* Simulation.swift */ = {isa = PBXFileReference; fileEncoding = 4; lastKnownFileType = sourcecode.swift; path = Simulation.swift; sourceTree = "<group>"; };
		D597FC67196D327F00E8A587 /* InvisibleHandSwift */ = {isa = PBXFileReference; explicitFileType = "compiled.mach-o.executable"; includeInIndex = 0; path = InvisibleHandSwift; sourceTree = BUILT_PRODUCTS_DIR; };
		D597FC6A196D327F00E8A587 /* main.swift */ = {isa = PBXFileReference; lastKnownFileType = sourcecode.swift; path = main.swift; sourceTree = "<group>"; };
		D597FC71196D32D500E8A587 /* constants.swift */ = {isa = PBXFileReference; fileEncoding = 4; lastKnownFileType = sourcecode.swift; path = constants.swift; sourceTree = "<group>"; };
		D597FC73196D336F00E8A587 /* Producer.swift */ = {isa = PBXFileReference; fileEncoding = 4; lastKnownFileType = sourcecode.swift; path = Producer.swift; sourceTree = "<group>"; };
		D597FC75196D340200E8A587 /* Market.swift */ = {isa = PBXFileReference; fileEncoding = 4; lastKnownFileType = sourcecode.swift; path = Market.swift; sourceTree = "<group>"; };
		D597FC77196D341E00E8A587 /* Consumer.swift */ = {isa = PBXFileReference; fileEncoding = 4; lastKnownFileType = sourcecode.swift; path = Consumer.swift; sourceTree = "<group>"; };
/* End PBXFileReference section */

/* Begin PBXFrameworksBuildPhase section */
		D597FC64196D327F00E8A587 /* Frameworks */ = {
			isa = PBXFrameworksBuildPhase;
			buildActionMask = 2147483647;
			files = (
			);
			runOnlyForDeploymentPostprocessing = 0;
		};
/* End PBXFrameworksBuildPhase section */

/* Begin PBXGroup section */
		D597FC5E196D327F00E8A587 = {
			isa = PBXGroup;
			children = (
				D597FC69196D327F00E8A587 /* InvisibleHandSwift */,
				D597FC68196D327F00E8A587 /* Products */,
			);
			sourceTree = "<group>";
		};
		D597FC68196D327F00E8A587 /* Products */ = {
			isa = PBXGroup;
			children = (
				D597FC67196D327F00E8A587 /* InvisibleHandSwift */,
			);
			name = Products;
			sourceTree = "<group>";
		};
		D597FC69196D327F00E8A587 /* InvisibleHandSwift */ = {
			isa = PBXGroup;
			children = (
				D597FC6A196D327F00E8A587 /* main.swift */,
				D597FC71196D32D500E8A587 /* constants.swift */,
				D597FC73196D336F00E8A587 /* Producer.swift */,
				D597FC75196D340200E8A587 /* Market.swift */,
				D597FC77196D341E00E8A587 /* Consumer.swift */,
				D5068B32196D41EB00BC083A /* Simulation.swift */,
			);
			path = InvisibleHandSwift;
			sourceTree = "<group>";
		};
/* End PBXGroup section */

/* Begin PBXNativeTarget section */
		D597FC66196D327F00E8A587 /* InvisibleHandSwift */ = {
			isa = PBXNativeTarget;
			buildConfigurationList = D597FC6E196D327F00E8A587 /* Build configuration list for PBXNativeTarget "InvisibleHandSwift" */;
			buildPhases = (
				D597FC63196D327F00E8A587 /* Sources */,
				D597FC64196D327F00E8A587 /* Frameworks */,
				D597FC65196D327F00E8A587 /* CopyFiles */,
			);
			buildRules = (
			);
			dependencies = (
			);
			name = InvisibleHandSwift;
			productName = InvisibleHandSwift;
			productReference = D597FC67196D327F00E8A587 /* InvisibleHandSwift */;
			productType = "com.apple.product-type.tool";
		};
/* End PBXNativeTarget section */

/* Begin PBXProject section */
		D597FC5F196D327F00E8A587 /* Project object */ = {
			isa = PBXProject;
			attributes = {
				LastUpgradeCheck = 0600;
				ORGANIZATIONNAME = "Erik Engheim";
				TargetAttributes = {
					D597FC66196D327F00E8A587 = {
						CreatedOnToolsVersion = 6.0;
					};
				};
			};
			buildConfigurationList = D597FC62196D327F00E8A587 /* Build configuration list for PBXProject "InvisibleHandSwift" */;
			compatibilityVersion = "Xcode 3.2";
			developmentRegion = English;
			hasScannedForEncodings = 0;
			knownRegions = (
				en,
			);
			mainGroup = D597FC5E196D327F00E8A587;
			productRefGroup = D597FC68196D327F00E8A587 /* Products */;
			projectDirPath = "";
			projectRoot = "";
			targets = (
				D597FC66196D327F00E8A587 /* InvisibleHandSwift */,
			);
		};
/* End PBXProject section */

/* Begin PBXSourcesBuildPhase section */
		D597FC63196D327F00E8A587 /* Sources */ = {
			isa = PBXSourcesBuildPhase;
			buildActionMask = 2147483647;
			files = (
				D597FC78196D341E00E8A587 /* Consumer.swift in Sources */,
				D597FC6B196D327F00E8A587 /* main.swift in Sources */,
				D597FC72196D32D500E8A587 /* constants.swift in Sources */,
				D597FC74196D336F00E8A587 /* Producer.swift in Sources */,
				D5068B33196D41EB00BC083A /* Simulation.swift in Sources */,
				D597FC76196D340200E8A587 /* Market.swift in Sources */,
			);
			runOnlyForDeploymentPostprocessing = 0;
		};
/* End PBXSourcesBuildPhase section */

/* Begin XCBuildConfiguration section */
		D597FC6C196D327F00E8A587 /* Debug */ = {
			isa = XCBuildConfiguration;
			buildSettings = {
				ALWAYS_SEARCH_USER_PATHS = NO;
				CLANG_CXX_LANGUAGE_STANDARD = "gnu++0x";
				CLANG_CXX_LIBRARY = "libc++";
				CLANG_ENABLE_MODULES = YES;
				CLANG_ENABLE_OBJC_ARC = YES;
				CLANG_WARN_BOOL_CONVERSION = YES;
				CLANG_WARN_CONSTANT_CONVERSION = YES;
				CLANG_WARN_DIRECT_OBJC_ISA_USAGE = YES_ERROR;
				CLANG_WARN_EMPTY_BODY = YES;
				CLANG_WARN_ENUM_CONVERSION = YES;
				CLANG_WARN_INT_CONVERSION = YES;
				CLANG_WARN_OBJC_ROOT_CLASS = YES_ERROR;
				CLANG_WARN_UNREACHABLE_CODE = YES;
				CLANG_WARN__DUPLICATE_METHOD_MATCH = YES;
				COPY_PHASE_STRIP = NO;
				ENABLE_STRICT_OBJC_MSGSEND = YES;
				GCC_C_LANGUAGE_STANDARD = gnu99;
				GCC_DYNAMIC_NO_PIC = NO;
				GCC_OPTIMIZATION_LEVEL = 0;
				GCC_PREPROCESSOR_DEFINITIONS = (
					"DEBUG=1",
					"$(inherited)",
				);
				GCC_SYMBOLS_PRIVATE_EXTERN = NO;
				GCC_WARN_64_TO_32_BIT_CONVERSION = YES;
				GCC_WARN_ABOUT_RETURN_TYPE = YES_ERROR;
				GCC_WARN_UNDECLARED_SELECTOR = YES;
				GCC_WARN_UNINITIALIZED_AUTOS = YES_AGGRESSIVE;
				GCC_WARN_UNUSED_FUNCTION = YES;
				GCC_WARN_UNUSED_VARIABLE = YES;
				MACOSX_DEPLOYMENT_TARGET = 10.9;
				MTL_ENABLE_DEBUG_INFO = YES;
				ONLY_ACTIVE_ARCH = YES;
				SDKROOT = macosx;
				SWIFT_OPTIMIZATION_LEVEL = "-Onone";
			};
			name = Debug;
		};
		D597FC6D196D327F00E8A587 /* Release */ = {
			isa = XCBuildConfiguration;
			buildSettings = {
				ALWAYS_SEARCH_USER_PATHS = NO;
				CLANG_CXX_LANGUAGE_STANDARD = "gnu++0x";
				CLANG_CXX_LIBRARY = "libc++";
				CLANG_ENABLE_MODULES = YES;
				CLANG_ENABLE_OBJC_ARC = YES;
				CLANG_WARN_BOOL_CONVERSION = YES;
				CLANG_WARN_CONSTANT_CONVERSION = YES;
				CLANG_WARN_DIRECT_OBJC_ISA_USAGE = YES_ERROR;
				CLANG_WARN_EMPTY_BODY = YES;
				CLANG_WARN_ENUM_CONVERSION = YES;
				CLANG_WARN_INT_CONVERSION = YES;
				CLANG_WARN_OBJC_ROOT_CLASS = YES_ERROR;
				CLANG_WARN_UNREACHABLE_CODE = YES;
				CLANG_WARN__DUPLICATE_METHOD_MATCH = YES;
				COPY_PHASE_STRIP = YES;
				DEBUG_INFORMATION_FORMAT = "dwarf-with-dsym";
				ENABLE_NS_ASSERTIONS = NO;
				ENABLE_STRICT_OBJC_MSGSEND = YES;
				GCC_C_LANGUAGE_STANDARD = gnu99;
				GCC_WARN_64_TO_32_BIT_CONVERSION = YES;
				GCC_WARN_ABOUT_RETURN_TYPE = YES_ERROR;
				GCC_WARN_UNDECLARED_SELECTOR = YES;
				GCC_WARN_UNINITIALIZED_AUTOS = YES_AGGRESSIVE;
				GCC_WARN_UNUSED_FUNCTION = YES;
				GCC_WARN_UNUSED_VARIABLE = YES;
				MACOSX_DEPLOYMENT_TARGET = 10.9;
				MTL_ENABLE_DEBUG_INFO = NO;
				SDKROOT = macosx;
			};
			name = Release;
		};
		D597FC6F196D327F00E8A587 /* Debug */ = {
			isa = XCBuildConfiguration;
			buildSettings = {
				PRODUCT_NAME = "$(TARGET_NAME)";
			};
			name = Debug;
		};
		D597FC70196D327F00E8A587 /* Release */ = {
			isa = XCBuildConfiguration;
			buildSettings = {
				PRODUCT_NAME = "$(TARGET_NAME)";
			};
			name = Release;
		};
/* End XCBuildConfiguration section */

/* Begin XCConfigurationList section */
		D597FC62196D327F00E8A587 /* Build configuration list for PBXProject "InvisibleHandSwift" */ = {
			isa = XCConfigurationList;
			buildConfigurations = (
				D597FC6C196D327F00E8A587 /* Debug */,
				D597FC6D196D327F00E8A587 /* Release */,
			);
			defaultConfigurationIsVisible = 0;
			defaultConfigurationName = Release;
		};
		D597FC6E196D327F00E8A587 /* Build configuration list for PBXNativeTarget "InvisibleHandSwift" */ = {
			isa = XCConfigurationList;
			buildConfigurations = (
				D597FC6F196D327F00E8A587 /* Debug */,
				D597FC70196D327F00E8A587 /* Release */,
			);
			defaultConfigurationIsVisible = 0;
			defaultConfigurationName = Release;
		};
/* End XCConfigurationList section */
	};
	rootObject = D597FC5F196D327F00E8A587 /* Project object */;
}
